
Microsoft Visual Studio Solution File, Format Version 12.00
# Visual Studio Version 16
VisualStudioVersion = 16.0.31019.35
MinimumVisualStudioVersion = 10.0.40219.1
Project("{888888A0-9F3D-457C-B088-3A5042F75D52}") = "AssetTrackingProject", "AssetTrackingProject\AssetTrackingProject.pyproj", "{A0711B6D-FECB-47D6-80FA-6685B65201F3}"
EndProject
Global
	GlobalSection(SolutionConfigurationPlatforms) = preSolution
		Debug|Any CPU = Debug|Any CPU
		Release|Any CPU = Release|Any CPU
	EndGlobalSection
	GlobalSection(ProjectConfigurationPlatforms) = postSolution
		{A0711B6D-FECB-47D6-80FA-6685B65201F3}.Debug|Any CPU.ActiveCfg = Debug|Any CPU
		{A0711B6D-FECB-47D6-80FA-6685B65201F3}.Release|Any CPU.ActiveCfg = Release|Any CPU
	EndGlobalSection
	GlobalSection(SolutionProperties) = preSolution
		HideSolutionNode = FALSE
	EndGlobalSection
	GlobalSection(ExtensibilityGlobals) = postSolution
		SolutionGuid = {5C7DAB44-EADD-47FA-8DFF-C0619EFA0F67}
	EndGlobalSection
EndGlobal
