
Microsoft Visual Studio Solution File, Format Version 12.00
# Visual Studio Version 16
VisualStudioVersion = 16.0.30717.126
MinimumVisualStudioVersion = 10.0.40219.1
Project("{888888A0-9F3D-457C-B088-3A5042F75D52}") = "AssetTrackingUpdated", "AssetTrackingUpdated\AssetTrackingUpdated.pyproj", "{D0447C4F-777C-4C0C-B97C-BFC3FD6A8176}"
EndProject
Global
	GlobalSection(SolutionConfigurationPlatforms) = preSolution
		Debug|Any CPU = Debug|Any CPU
		Release|Any CPU = Release|Any CPU
	EndGlobalSection
	GlobalSection(ProjectConfigurationPlatforms) = postSolution
		{D0447C4F-777C-4C0C-B97C-BFC3FD6A8176}.Debug|Any CPU.ActiveCfg = Debug|Any CPU
		{D0447C4F-777C-4C0C-B97C-BFC3FD6A8176}.Release|Any CPU.ActiveCfg = Release|Any CPU
	EndGlobalSection
	GlobalSection(SolutionProperties) = preSolution
		HideSolutionNode = FALSE
	EndGlobalSection
	GlobalSection(ExtensibilityGlobals) = postSolution
		SolutionGuid = {88C970D1-8BB8-4BD7-A0CD-BC279C0153F2}
	EndGlobalSection
EndGlobal
